
Microsoft Visual Studio Solution File, Format Version 12.00
# Visual Studio Version 17
VisualStudioVersion = 17.1.32210.238
MinimumVisualStudioVersion = 10.0.40219.1
Project("{8BC9CEB8-8B4A-11D0-8D11-00A0C91BC942}") = "practice", "practice\practice.vcxproj", "{3E5AAF67-C791-44B1-920F-ADFFA3EB2441}"
EndProject
Project("{8BC9CEB8-8B4A-11D0-8D11-00A0C91BC942}") = "if", "if\if.vcxproj", "{2B7E088D-B73C-40B4-9A90-42DCC11E0568}"
EndProject
Project("{8BC9CEB8-8B4A-11D0-8D11-00A0C91BC942}") = "for", "for\for.vcxproj", "{787291A9-0699-46EA-8ADC-0601A02EBBC0}"
EndProject
Project("{8BC9CEB8-8B4A-11D0-8D11-00A0C91BC942}") = "while", "while\while.vcxproj", "{892D7156-846D-48C0-B3B7-924BE2F764CD}"
EndProject
Project("{8BC9CEB8-8B4A-11D0-8D11-00A0C91BC942}") = "array", "array\array.vcxproj", "{D405BC03-F443-43F4-B906-BE162638760C}"
EndProject
Project("{8BC9CEB8-8B4A-11D0-8D11-00A0C91BC942}") = "function", "function\function.vcxproj", "{3505CE5D-89CF-4213-BEC4-F12B0666D5E1}"
EndProject
Project("{8BC9CEB8-8B4A-11D0-8D11-00A0C91BC942}") = "string", "string\string.vcxproj", "{44D6112C-0113-429F-86AD-96F8FE579B44}"
EndProject
Project("{8BC9CEB8-8B4A-11D0-8D11-00A0C91BC942}") = "math", "math\math.vcxproj", "{F0570703-04C1-4C4F-804E-777F60C0FCA2}"
EndProject
Project("{8BC9CEB8-8B4A-11D0-8D11-00A0C91BC942}") = "recursion", "recursion\recursion.vcxproj", "{36507FD8-45F4-44D9-B24B-0BE629FD1B8B}"
EndProject
Project("{8BC9CEB8-8B4A-11D0-8D11-00A0C91BC942}") = "Brute_Force", "Brute_Force\Brute_Force.vcxproj", "{15FD85AE-9955-4D75-9336-603021D0E160}"
EndProject
Project("{8BC9CEB8-8B4A-11D0-8D11-00A0C91BC942}") = "others", "others\others.vcxproj", "{D6C3F2A6-6715-41C2-A4EE-60BB64D19A2F}"
EndProject
Project("{8BC9CEB8-8B4A-11D0-8D11-00A0C91BC942}") = "DFS_BFS", "DFS_BFS\DFS_BFS.vcxproj", "{86B21EDC-525E-48FB-9B62-913377367609}"
EndProject
Project("{8BC9CEB8-8B4A-11D0-8D11-00A0C91BC942}") = "Dynamic_Programming", "Dynamic_Programming\Dynamic_Programming.vcxproj", "{2E6E56D8-1559-4003-8482-B1F5A1328B3D}"
EndProject
Project("{8BC9CEB8-8B4A-11D0-8D11-00A0C91BC942}") = "Back_tracking", "Back_tracking\Back_tracking.vcxproj", "{2F099DE0-FB2B-46CA-BC17-B4DC2A3748B9}"
EndProject
Project("{8BC9CEB8-8B4A-11D0-8D11-00A0C91BC942}") = "sort", "sort\sort.vcxproj", "{B9B4FC02-F1B3-4AB4-9405-724182EF5FF2}"
EndProject
Global
	GlobalSection(SolutionConfigurationPlatforms) = preSolution
		Debug|x64 = Debug|x64
		Debug|x86 = Debug|x86
		Release|x64 = Release|x64
		Release|x86 = Release|x86
	EndGlobalSection
	GlobalSection(ProjectConfigurationPlatforms) = postSolution
		{3E5AAF67-C791-44B1-920F-ADFFA3EB2441}.Debug|x64.ActiveCfg = Debug|x64
		{3E5AAF67-C791-44B1-920F-ADFFA3EB2441}.Debug|x64.Build.0 = Debug|x64
		{3E5AAF67-C791-44B1-920F-ADFFA3EB2441}.Debug|x86.ActiveCfg = Debug|Win32
		{3E5AAF67-C791-44B1-920F-ADFFA3EB2441}.Debug|x86.Build.0 = Debug|Win32
		{3E5AAF67-C791-44B1-920F-ADFFA3EB2441}.Release|x64.ActiveCfg = Release|x64
		{3E5AAF67-C791-44B1-920F-ADFFA3EB2441}.Release|x64.Build.0 = Release|x64
		{3E5AAF67-C791-44B1-920F-ADFFA3EB2441}.Release|x86.ActiveCfg = Release|Win32
		{3E5AAF67-C791-44B1-920F-ADFFA3EB2441}.Release|x86.Build.0 = Release|Win32
		{2B7E088D-B73C-40B4-9A90-42DCC11E0568}.Debug|x64.ActiveCfg = Debug|x64
		{2B7E088D-B73C-40B4-9A90-42DCC11E0568}.Debug|x64.Build.0 = Debug|x64
		{2B7E088D-B73C-40B4-9A90-42DCC11E0568}.Debug|x86.ActiveCfg = Debug|Win32
		{2B7E088D-B73C-40B4-9A90-42DCC11E0568}.Debug|x86.Build.0 = Debug|Win32
		{2B7E088D-B73C-40B4-9A90-42DCC11E0568}.Release|x64.ActiveCfg = Release|x64
		{2B7E088D-B73C-40B4-9A90-42DCC11E0568}.Release|x64.Build.0 = Release|x64
		{2B7E088D-B73C-40B4-9A90-42DCC11E0568}.Release|x86.ActiveCfg = Release|Win32
		{2B7E088D-B73C-40B4-9A90-42DCC11E0568}.Release|x86.Build.0 = Release|Win32
		{787291A9-0699-46EA-8ADC-0601A02EBBC0}.Debug|x64.ActiveCfg = Debug|x64
		{787291A9-0699-46EA-8ADC-0601A02EBBC0}.Debug|x64.Build.0 = Debug|x64
		{787291A9-0699-46EA-8ADC-0601A02EBBC0}.Debug|x86.ActiveCfg = Debug|Win32
		{787291A9-0699-46EA-8ADC-0601A02EBBC0}.Debug|x86.Build.0 = Debug|Win32
		{787291A9-0699-46EA-8ADC-0601A02EBBC0}.Release|x64.ActiveCfg = Release|x64
		{787291A9-0699-46EA-8ADC-0601A02EBBC0}.Release|x64.Build.0 = Release|x64
		{787291A9-0699-46EA-8ADC-0601A02EBBC0}.Release|x86.ActiveCfg = Release|Win32
		{787291A9-0699-46EA-8ADC-0601A02EBBC0}.Release|x86.Build.0 = Release|Win32
		{892D7156-846D-48C0-B3B7-924BE2F764CD}.Debug|x64.ActiveCfg = Debug|x64
		{892D7156-846D-48C0-B3B7-924BE2F764CD}.Debug|x64.Build.0 = Debug|x64
		{892D7156-846D-48C0-B3B7-924BE2F764CD}.Debug|x86.ActiveCfg = Debug|Win32
		{892D7156-846D-48C0-B3B7-924BE2F764CD}.Debug|x86.Build.0 = Debug|Win32
		{892D7156-846D-48C0-B3B7-924BE2F764CD}.Release|x64.ActiveCfg = Release|x64
		{892D7156-846D-48C0-B3B7-924BE2F764CD}.Release|x64.Build.0 = Release|x64
		{892D7156-846D-48C0-B3B7-924BE2F764CD}.Release|x86.ActiveCfg = Release|Win32
		{892D7156-846D-48C0-B3B7-924BE2F764CD}.Release|x86.Build.0 = Release|Win32
		{D405BC03-F443-43F4-B906-BE162638760C}.Debug|x64.ActiveCfg = Debug|x64
		{D405BC03-F443-43F4-B906-BE162638760C}.Debug|x64.Build.0 = Debug|x64
		{D405BC03-F443-43F4-B906-BE162638760C}.Debug|x86.ActiveCfg = Debug|Win32
		{D405BC03-F443-43F4-B906-BE162638760C}.Debug|x86.Build.0 = Debug|Win32
		{D405BC03-F443-43F4-B906-BE162638760C}.Release|x64.ActiveCfg = Release|x64
		{D405BC03-F443-43F4-B906-BE162638760C}.Release|x64.Build.0 = Release|x64
		{D405BC03-F443-43F4-B906-BE162638760C}.Release|x86.ActiveCfg = Release|Win32
		{D405BC03-F443-43F4-B906-BE162638760C}.Release|x86.Build.0 = Release|Win32
		{3505CE5D-89CF-4213-BEC4-F12B0666D5E1}.Debug|x64.ActiveCfg = Debug|x64
		{3505CE5D-89CF-4213-BEC4-F12B0666D5E1}.Debug|x64.Build.0 = Debug|x64
		{3505CE5D-89CF-4213-BEC4-F12B0666D5E1}.Debug|x86.ActiveCfg = Debug|Win32
		{3505CE5D-89CF-4213-BEC4-F12B0666D5E1}.Debug|x86.Build.0 = Debug|Win32
		{3505CE5D-89CF-4213-BEC4-F12B0666D5E1}.Release|x64.ActiveCfg = Release|x64
		{3505CE5D-89CF-4213-BEC4-F12B0666D5E1}.Release|x64.Build.0 = Release|x64
		{3505CE5D-89CF-4213-BEC4-F12B0666D5E1}.Release|x86.ActiveCfg = Release|Win32
		{3505CE5D-89CF-4213-BEC4-F12B0666D5E1}.Release|x86.Build.0 = Release|Win32
		{44D6112C-0113-429F-86AD-96F8FE579B44}.Debug|x64.ActiveCfg = Debug|x64
		{44D6112C-0113-429F-86AD-96F8FE579B44}.Debug|x64.Build.0 = Debug|x64
		{44D6112C-0113-429F-86AD-96F8FE579B44}.Debug|x86.ActiveCfg = Debug|Win32
		{44D6112C-0113-429F-86AD-96F8FE579B44}.Debug|x86.Build.0 = Debug|Win32
		{44D6112C-0113-429F-86AD-96F8FE579B44}.Release|x64.ActiveCfg = Release|x64
		{44D6112C-0113-429F-86AD-96F8FE579B44}.Release|x64.Build.0 = Release|x64
		{44D6112C-0113-429F-86AD-96F8FE579B44}.Release|x86.ActiveCfg = Release|Win32
		{44D6112C-0113-429F-86AD-96F8FE579B44}.Release|x86.Build.0 = Release|Win32
		{F0570703-04C1-4C4F-804E-777F60C0FCA2}.Debug|x64.ActiveCfg = Debug|x64
		{F0570703-04C1-4C4F-804E-777F60C0FCA2}.Debug|x64.Build.0 = Debug|x64
		{F0570703-04C1-4C4F-804E-777F60C0FCA2}.Debug|x86.ActiveCfg = Debug|Win32
		{F0570703-04C1-4C4F-804E-777F60C0FCA2}.Debug|x86.Build.0 = Debug|Win32
		{F0570703-04C1-4C4F-804E-777F60C0FCA2}.Release|x64.ActiveCfg = Release|x64
		{F0570703-04C1-4C4F-804E-777F60C0FCA2}.Release|x64.Build.0 = Release|x64
		{F0570703-04C1-4C4F-804E-777F60C0FCA2}.Release|x86.ActiveCfg = Release|Win32
		{F0570703-04C1-4C4F-804E-777F60C0FCA2}.Release|x86.Build.0 = Release|Win32
		{36507FD8-45F4-44D9-B24B-0BE629FD1B8B}.Debug|x64.ActiveCfg = Debug|x64
		{36507FD8-45F4-44D9-B24B-0BE629FD1B8B}.Debug|x64.Build.0 = Debug|x64
		{36507FD8-45F4-44D9-B24B-0BE629FD1B8B}.Debug|x86.ActiveCfg = Debug|Win32
		{36507FD8-45F4-44D9-B24B-0BE629FD1B8B}.Debug|x86.Build.0 = Debug|Win32
		{36507FD8-45F4-44D9-B24B-0BE629FD1B8B}.Release|x64.ActiveCfg = Release|x64
		{36507FD8-45F4-44D9-B24B-0BE629FD1B8B}.Release|x64.Build.0 = Release|x64
		{36507FD8-45F4-44D9-B24B-0BE629FD1B8B}.Release|x86.ActiveCfg = Release|Win32
		{36507FD8-45F4-44D9-B24B-0BE629FD1B8B}.Release|x86.Build.0 = Release|Win32
		{15FD85AE-9955-4D75-9336-603021D0E160}.Debug|x64.ActiveCfg = Debug|x64
		{15FD85AE-9955-4D75-9336-603021D0E160}.Debug|x64.Build.0 = Debug|x64
		{15FD85AE-9955-4D75-9336-603021D0E160}.Debug|x86.ActiveCfg = Debug|Win32
		{15FD85AE-9955-4D75-9336-603021D0E160}.Debug|x86.Build.0 = Debug|Win32
		{15FD85AE-9955-4D75-9336-603021D0E160}.Release|x64.ActiveCfg = Release|x64
		{15FD85AE-9955-4D75-9336-603021D0E160}.Release|x64.Build.0 = Release|x64
		{15FD85AE-9955-4D75-9336-603021D0E160}.Release|x86.ActiveCfg = Release|Win32
		{15FD85AE-9955-4D75-9336-603021D0E160}.Release|x86.Build.0 = Release|Win32
		{D6C3F2A6-6715-41C2-A4EE-60BB64D19A2F}.Debug|x64.ActiveCfg = Debug|x64
		{D6C3F2A6-6715-41C2-A4EE-60BB64D19A2F}.Debug|x64.Build.0 = Debug|x64
		{D6C3F2A6-6715-41C2-A4EE-60BB64D19A2F}.Debug|x86.ActiveCfg = Debug|Win32
		{D6C3F2A6-6715-41C2-A4EE-60BB64D19A2F}.Debug|x86.Build.0 = Debug|Win32
		{D6C3F2A6-6715-41C2-A4EE-60BB64D19A2F}.Release|x64.ActiveCfg = Release|x64
		{D6C3F2A6-6715-41C2-A4EE-60BB64D19A2F}.Release|x64.Build.0 = Release|x64
		{D6C3F2A6-6715-41C2-A4EE-60BB64D19A2F}.Release|x86.ActiveCfg = Release|Win32
		{D6C3F2A6-6715-41C2-A4EE-60BB64D19A2F}.Release|x86.Build.0 = Release|Win32
		{86B21EDC-525E-48FB-9B62-913377367609}.Debug|x64.ActiveCfg = Debug|x64
		{86B21EDC-525E-48FB-9B62-913377367609}.Debug|x64.Build.0 = Debug|x64
		{86B21EDC-525E-48FB-9B62-913377367609}.Debug|x86.ActiveCfg = Debug|Win32
		{86B21EDC-525E-48FB-9B62-913377367609}.Debug|x86.Build.0 = Debug|Win32
		{86B21EDC-525E-48FB-9B62-913377367609}.Release|x64.ActiveCfg = Release|x64
		{86B21EDC-525E-48FB-9B62-913377367609}.Release|x64.Build.0 = Release|x64
		{86B21EDC-525E-48FB-9B62-913377367609}.Release|x86.ActiveCfg = Release|Win32
		{86B21EDC-525E-48FB-9B62-913377367609}.Release|x86.Build.0 = Release|Win32
		{2E6E56D8-1559-4003-8482-B1F5A1328B3D}.Debug|x64.ActiveCfg = Debug|x64
		{2E6E56D8-1559-4003-8482-B1F5A1328B3D}.Debug|x64.Build.0 = Debug|x64
		{2E6E56D8-1559-4003-8482-B1F5A1328B3D}.Debug|x86.ActiveCfg = Debug|Win32
		{2E6E56D8-1559-4003-8482-B1F5A1328B3D}.Debug|x86.Build.0 = Debug|Win32
		{2E6E56D8-1559-4003-8482-B1F5A1328B3D}.Release|x64.ActiveCfg = Release|x64
		{2E6E56D8-1559-4003-8482-B1F5A1328B3D}.Release|x64.Build.0 = Release|x64
		{2E6E56D8-1559-4003-8482-B1F5A1328B3D}.Release|x86.ActiveCfg = Release|Win32
		{2E6E56D8-1559-4003-8482-B1F5A1328B3D}.Release|x86.Build.0 = Release|Win32
		{2F099DE0-FB2B-46CA-BC17-B4DC2A3748B9}.Debug|x64.ActiveCfg = Debug|x64
		{2F099DE0-FB2B-46CA-BC17-B4DC2A3748B9}.Debug|x64.Build.0 = Debug|x64
		{2F099DE0-FB2B-46CA-BC17-B4DC2A3748B9}.Debug|x86.ActiveCfg = Debug|Win32
		{2F099DE0-FB2B-46CA-BC17-B4DC2A3748B9}.Debug|x86.Build.0 = Debug|Win32
		{2F099DE0-FB2B-46CA-BC17-B4DC2A3748B9}.Release|x64.ActiveCfg = Release|x64
		{2F099DE0-FB2B-46CA-BC17-B4DC2A3748B9}.Release|x64.Build.0 = Release|x64
		{2F099DE0-FB2B-46CA-BC17-B4DC2A3748B9}.Release|x86.ActiveCfg = Release|Win32
		{2F099DE0-FB2B-46CA-BC17-B4DC2A3748B9}.Release|x86.Build.0 = Release|Win32
		{B9B4FC02-F1B3-4AB4-9405-724182EF5FF2}.Debug|x64.ActiveCfg = Debug|x64
		{B9B4FC02-F1B3-4AB4-9405-724182EF5FF2}.Debug|x64.Build.0 = Debug|x64
		{B9B4FC02-F1B3-4AB4-9405-724182EF5FF2}.Debug|x86.ActiveCfg = Debug|Win32
		{B9B4FC02-F1B3-4AB4-9405-724182EF5FF2}.Debug|x86.Build.0 = Debug|Win32
		{B9B4FC02-F1B3-4AB4-9405-724182EF5FF2}.Release|x64.ActiveCfg = Release|x64
		{B9B4FC02-F1B3-4AB4-9405-724182EF5FF2}.Release|x64.Build.0 = Release|x64
		{B9B4FC02-F1B3-4AB4-9405-724182EF5FF2}.Release|x86.ActiveCfg = Release|Win32
		{B9B4FC02-F1B3-4AB4-9405-724182EF5FF2}.Release|x86.Build.0 = Release|Win32
	EndGlobalSection
	GlobalSection(SolutionProperties) = preSolution
		HideSolutionNode = FALSE
	EndGlobalSection
	GlobalSection(ExtensibilityGlobals) = postSolution
		SolutionGuid = {140E9223-2505-4A9B-9336-E0A73130A9AB}
	EndGlobalSection
EndGlobal
